
Microsoft Visual Studio Solution File, Format Version 10.00
# Visual Studio 2008
Project("{2150E333-8FDC-42A3-9474-1A3956D46DE8}") = "Solution Items", "Solution Items", "{CAF9A03A-79A6-4D5A-B1B7-EEFCDDC08333}"
	ProjectSection(SolutionItems) = preProject
		Monsters.xml = Monsters.xml
	EndProjectSection
EndProject
Project("{8BC9CEB8-8B4A-11D0-8D11-00A0C91BC942}") = "ReadXML", "ReadXML\ReadXML.vcproj", "{99155577-9702-4167-B450-C0EFA5EA50AD}"
EndProject
Project("{8BC9CEB8-8B4A-11D0-8D11-00A0C91BC942}") = "ValidateXML_DTD", "ValidateXML_DTD\ValidateXML_DTD.vcproj", "{E6026DFB-A3ED-44B5-962D-EAAF18E33076}"
EndProject
Project("{8BC9CEB8-8B4A-11D0-8D11-00A0C91BC942}") = "ValidateXML_XSD", "ValidateXML_XSD\ValidateXML_XSD.vcproj", "{3668FFF8-1A29-4BF6-843A-790CD5F7D84A}"
EndProject
Project("{8BC9CEB8-8B4A-11D0-8D11-00A0C91BC942}") = "WriteXML", "WriteXML\WriteXML.vcproj", "{B47227AC-1064-4EEB-88CE-BEA0DEE2F211}"
EndProject
Project("{8BC9CEB8-8B4A-11D0-8D11-00A0C91BC942}") = "UpdateXML", "UpdateXML\UpdateXML.vcproj", "{F065AD54-FF36-4ABF-A088-F3AAB900EE10}"
EndProject
Project("{8BC9CEB8-8B4A-11D0-8D11-00A0C91BC942}") = "ReadXMLDOM", "ReadXMLDOM\ReadXMLDOM.vcproj", "{EC702F73-030C-4A93-AFE9-F0CFDCAC5682}"
EndProject
Project("{8BC9CEB8-8B4A-11D0-8D11-00A0C91BC942}") = "UpdateXMLDOM", "UpdateXMLDOM\UpdateXMLDOM.vcproj", "{67A96411-E216-4175-9EDE-DBD6E4E42CA1}"
EndProject
Project("{8BC9CEB8-8B4A-11D0-8D11-00A0C91BC942}") = "WriteXMLDOM", "WriteXMLDOM\WriteXMLDOM.vcproj", "{68432005-D00B-4F9B-9011-C99B0160D921}"
EndProject
Project("{8BC9CEB8-8B4A-11D0-8D11-00A0C91BC942}") = "ReadXPathNav", "ReadXPathNav\ReadXPathNav.vcproj", "{0ADFDDAA-B968-453E-A31C-4561D301BE70}"
EndProject
Project("{8BC9CEB8-8B4A-11D0-8D11-00A0C91BC942}") = "XPathEx", "XPathEx\XPathEx.vcproj", "{82F513C4-6A1B-453B-95C0-49C58054B317}"
EndProject
Project("{8BC9CEB8-8B4A-11D0-8D11-00A0C91BC942}") = "ADONET", "ADONET\ADONET.vcproj", "{F8049D52-5B5D-4136-952D-C00499029A63}"
EndProject
Global
	GlobalSection(SolutionConfigurationPlatforms) = preSolution
		Debug|Win32 = Debug|Win32
		Release|Win32 = Release|Win32
	EndGlobalSection
	GlobalSection(ProjectConfigurationPlatforms) = postSolution
		{99155577-9702-4167-B450-C0EFA5EA50AD}.Debug|Win32.ActiveCfg = Debug|Win32
		{99155577-9702-4167-B450-C0EFA5EA50AD}.Debug|Win32.Build.0 = Debug|Win32
		{99155577-9702-4167-B450-C0EFA5EA50AD}.Release|Win32.ActiveCfg = Release|Win32
		{99155577-9702-4167-B450-C0EFA5EA50AD}.Release|Win32.Build.0 = Release|Win32
		{E6026DFB-A3ED-44B5-962D-EAAF18E33076}.Debug|Win32.ActiveCfg = Debug|Win32
		{E6026DFB-A3ED-44B5-962D-EAAF18E33076}.Debug|Win32.Build.0 = Debug|Win32
		{E6026DFB-A3ED-44B5-962D-EAAF18E33076}.Release|Win32.ActiveCfg = Release|Win32
		{E6026DFB-A3ED-44B5-962D-EAAF18E33076}.Release|Win32.Build.0 = Release|Win32
		{3668FFF8-1A29-4BF6-843A-790CD5F7D84A}.Debug|Win32.ActiveCfg = Debug|Win32
		{3668FFF8-1A29-4BF6-843A-790CD5F7D84A}.Debug|Win32.Build.0 = Debug|Win32
		{3668FFF8-1A29-4BF6-843A-790CD5F7D84A}.Release|Win32.ActiveCfg = Release|Win32
		{3668FFF8-1A29-4BF6-843A-790CD5F7D84A}.Release|Win32.Build.0 = Release|Win32
		{B47227AC-1064-4EEB-88CE-BEA0DEE2F211}.Debug|Win32.ActiveCfg = Debug|Win32
		{B47227AC-1064-4EEB-88CE-BEA0DEE2F211}.Debug|Win32.Build.0 = Debug|Win32
		{B47227AC-1064-4EEB-88CE-BEA0DEE2F211}.Release|Win32.ActiveCfg = Release|Win32
		{B47227AC-1064-4EEB-88CE-BEA0DEE2F211}.Release|Win32.Build.0 = Release|Win32
		{F065AD54-FF36-4ABF-A088-F3AAB900EE10}.Debug|Win32.ActiveCfg = Debug|Win32
		{F065AD54-FF36-4ABF-A088-F3AAB900EE10}.Debug|Win32.Build.0 = Debug|Win32
		{F065AD54-FF36-4ABF-A088-F3AAB900EE10}.Release|Win32.ActiveCfg = Release|Win32
		{F065AD54-FF36-4ABF-A088-F3AAB900EE10}.Release|Win32.Build.0 = Release|Win32
		{EC702F73-030C-4A93-AFE9-F0CFDCAC5682}.Debug|Win32.ActiveCfg = Debug|Win32
		{EC702F73-030C-4A93-AFE9-F0CFDCAC5682}.Debug|Win32.Build.0 = Debug|Win32
		{EC702F73-030C-4A93-AFE9-F0CFDCAC5682}.Release|Win32.ActiveCfg = Release|Win32
		{EC702F73-030C-4A93-AFE9-F0CFDCAC5682}.Release|Win32.Build.0 = Release|Win32
		{67A96411-E216-4175-9EDE-DBD6E4E42CA1}.Debug|Win32.ActiveCfg = Debug|Win32
		{67A96411-E216-4175-9EDE-DBD6E4E42CA1}.Debug|Win32.Build.0 = Debug|Win32
		{67A96411-E216-4175-9EDE-DBD6E4E42CA1}.Release|Win32.ActiveCfg = Release|Win32
		{67A96411-E216-4175-9EDE-DBD6E4E42CA1}.Release|Win32.Build.0 = Release|Win32
		{68432005-D00B-4F9B-9011-C99B0160D921}.Debug|Win32.ActiveCfg = Debug|Win32
		{68432005-D00B-4F9B-9011-C99B0160D921}.Debug|Win32.Build.0 = Debug|Win32
		{68432005-D00B-4F9B-9011-C99B0160D921}.Release|Win32.ActiveCfg = Release|Win32
		{68432005-D00B-4F9B-9011-C99B0160D921}.Release|Win32.Build.0 = Release|Win32
		{0ADFDDAA-B968-453E-A31C-4561D301BE70}.Debug|Win32.ActiveCfg = Debug|Win32
		{0ADFDDAA-B968-453E-A31C-4561D301BE70}.Debug|Win32.Build.0 = Debug|Win32
		{0ADFDDAA-B968-453E-A31C-4561D301BE70}.Release|Win32.ActiveCfg = Release|Win32
		{0ADFDDAA-B968-453E-A31C-4561D301BE70}.Release|Win32.Build.0 = Release|Win32
		{82F513C4-6A1B-453B-95C0-49C58054B317}.Debug|Win32.ActiveCfg = Debug|Win32
		{82F513C4-6A1B-453B-95C0-49C58054B317}.Debug|Win32.Build.0 = Debug|Win32
		{82F513C4-6A1B-453B-95C0-49C58054B317}.Release|Win32.ActiveCfg = Release|Win32
		{82F513C4-6A1B-453B-95C0-49C58054B317}.Release|Win32.Build.0 = Release|Win32
		{F8049D52-5B5D-4136-952D-C00499029A63}.Debug|Win32.ActiveCfg = Debug|Win32
		{F8049D52-5B5D-4136-952D-C00499029A63}.Debug|Win32.Build.0 = Debug|Win32
		{F8049D52-5B5D-4136-952D-C00499029A63}.Release|Win32.ActiveCfg = Release|Win32
		{F8049D52-5B5D-4136-952D-C00499029A63}.Release|Win32.Build.0 = Release|Win32
	EndGlobalSection
	GlobalSection(SolutionProperties) = preSolution
		HideSolutionNode = FALSE
	EndGlobalSection
EndGlobal
