
Microsoft Visual Studio Solution File, Format Version 10.00
# Visual Studio 2008
Project("{8BC9CEB8-8B4A-11D0-8D11-00A0C91BC942}") = "ConnectedBasics", "ConnectedBasics\ConnectedBasics.vcproj", "{0E22C74E-2A0B-44BE-8BB9-F44B6A1A296F}"
EndProject
Project("{8BC9CEB8-8B4A-11D0-8D11-00A0C91BC942}") = "ConnectedQuery", "ConnectedQuery\ConnectedQuery.vcproj", "{9405F77F-7B2C-468C-915C-22941EBFFDA3}"
EndProject
Project("{8BC9CEB8-8B4A-11D0-8D11-00A0C91BC942}") = "ConnectedModify", "ConnectedModify\ConnectedModify.vcproj", "{F89C92C2-0D07-4EFA-AA39-A69265969052}"
EndProject
Project("{8BC9CEB8-8B4A-11D0-8D11-00A0C91BC942}") = "ConnectedScalar", "ConnectedScalar\ConnectedScalar.vcproj", "{B2ADA949-6F8F-41CA-BE58-DC5EA88FC320}"
EndProject
Project("{8BC9CEB8-8B4A-11D0-8D11-00A0C91BC942}") = "ConnectedTransactions", "ConnectedTransactions\ConnectedTransactions.vcproj", "{56D71AF5-C8F0-4EA9-A98A-DA744611BFBD}"
EndProject
Project("{8BC9CEB8-8B4A-11D0-8D11-00A0C91BC942}") = "MaintAuthors", "MaintAuthors\MaintAuthors.vcproj", "{604AC0FF-0C59-488F-B2A1-CA0ED6008341}"
EndProject
Project("{FAE04EC0-301F-11D3-BF4B-00C04F79EFBC}") = "AuthorDSLib", "AuthorDSLib\AuthorDSLib.csproj", "{2CA4B47B-DD9A-4639-AF6C-50E137C631D0}"
EndProject
Project("{8BC9CEB8-8B4A-11D0-8D11-00A0C91BC942}") = "MaintAuthors_DGV", "MaintAuthors_DGV\MaintAuthors_DGV.vcproj", "{DA870A67-F252-4E72-9A59-3C0F8DA7297E}"
EndProject
Global
	GlobalSection(SolutionConfigurationPlatforms) = preSolution
		Debug|Any CPU = Debug|Any CPU
		Debug|Mixed Platforms = Debug|Mixed Platforms
		Debug|Win32 = Debug|Win32
		Release|Any CPU = Release|Any CPU
		Release|Mixed Platforms = Release|Mixed Platforms
		Release|Win32 = Release|Win32
	EndGlobalSection
	GlobalSection(ProjectConfigurationPlatforms) = postSolution
		{0E22C74E-2A0B-44BE-8BB9-F44B6A1A296F}.Debug|Any CPU.ActiveCfg = Debug|Win32
		{0E22C74E-2A0B-44BE-8BB9-F44B6A1A296F}.Debug|Mixed Platforms.ActiveCfg = Debug|Win32
		{0E22C74E-2A0B-44BE-8BB9-F44B6A1A296F}.Debug|Mixed Platforms.Build.0 = Debug|Win32
		{0E22C74E-2A0B-44BE-8BB9-F44B6A1A296F}.Debug|Win32.ActiveCfg = Debug|Win32
		{0E22C74E-2A0B-44BE-8BB9-F44B6A1A296F}.Debug|Win32.Build.0 = Debug|Win32
		{0E22C74E-2A0B-44BE-8BB9-F44B6A1A296F}.Release|Any CPU.ActiveCfg = Release|Win32
		{0E22C74E-2A0B-44BE-8BB9-F44B6A1A296F}.Release|Mixed Platforms.ActiveCfg = Release|Win32
		{0E22C74E-2A0B-44BE-8BB9-F44B6A1A296F}.Release|Mixed Platforms.Build.0 = Release|Win32
		{0E22C74E-2A0B-44BE-8BB9-F44B6A1A296F}.Release|Win32.ActiveCfg = Release|Win32
		{0E22C74E-2A0B-44BE-8BB9-F44B6A1A296F}.Release|Win32.Build.0 = Release|Win32
		{9405F77F-7B2C-468C-915C-22941EBFFDA3}.Debug|Any CPU.ActiveCfg = Debug|Win32
		{9405F77F-7B2C-468C-915C-22941EBFFDA3}.Debug|Mixed Platforms.ActiveCfg = Debug|Win32
		{9405F77F-7B2C-468C-915C-22941EBFFDA3}.Debug|Mixed Platforms.Build.0 = Debug|Win32
		{9405F77F-7B2C-468C-915C-22941EBFFDA3}.Debug|Win32.ActiveCfg = Debug|Win32
		{9405F77F-7B2C-468C-915C-22941EBFFDA3}.Debug|Win32.Build.0 = Debug|Win32
		{9405F77F-7B2C-468C-915C-22941EBFFDA3}.Release|Any CPU.ActiveCfg = Release|Win32
		{9405F77F-7B2C-468C-915C-22941EBFFDA3}.Release|Mixed Platforms.ActiveCfg = Release|Win32
		{9405F77F-7B2C-468C-915C-22941EBFFDA3}.Release|Mixed Platforms.Build.0 = Release|Win32
		{9405F77F-7B2C-468C-915C-22941EBFFDA3}.Release|Win32.ActiveCfg = Release|Win32
		{9405F77F-7B2C-468C-915C-22941EBFFDA3}.Release|Win32.Build.0 = Release|Win32
		{F89C92C2-0D07-4EFA-AA39-A69265969052}.Debug|Any CPU.ActiveCfg = Debug|Win32
		{F89C92C2-0D07-4EFA-AA39-A69265969052}.Debug|Mixed Platforms.ActiveCfg = Debug|Win32
		{F89C92C2-0D07-4EFA-AA39-A69265969052}.Debug|Mixed Platforms.Build.0 = Debug|Win32
		{F89C92C2-0D07-4EFA-AA39-A69265969052}.Debug|Win32.ActiveCfg = Debug|Win32
		{F89C92C2-0D07-4EFA-AA39-A69265969052}.Debug|Win32.Build.0 = Debug|Win32
		{F89C92C2-0D07-4EFA-AA39-A69265969052}.Release|Any CPU.ActiveCfg = Release|Win32
		{F89C92C2-0D07-4EFA-AA39-A69265969052}.Release|Mixed Platforms.ActiveCfg = Release|Win32
		{F89C92C2-0D07-4EFA-AA39-A69265969052}.Release|Mixed Platforms.Build.0 = Release|Win32
		{F89C92C2-0D07-4EFA-AA39-A69265969052}.Release|Win32.ActiveCfg = Release|Win32
		{F89C92C2-0D07-4EFA-AA39-A69265969052}.Release|Win32.Build.0 = Release|Win32
		{B2ADA949-6F8F-41CA-BE58-DC5EA88FC320}.Debug|Any CPU.ActiveCfg = Debug|Win32
		{B2ADA949-6F8F-41CA-BE58-DC5EA88FC320}.Debug|Mixed Platforms.ActiveCfg = Debug|Win32
		{B2ADA949-6F8F-41CA-BE58-DC5EA88FC320}.Debug|Mixed Platforms.Build.0 = Debug|Win32
		{B2ADA949-6F8F-41CA-BE58-DC5EA88FC320}.Debug|Win32.ActiveCfg = Debug|Win32
		{B2ADA949-6F8F-41CA-BE58-DC5EA88FC320}.Debug|Win32.Build.0 = Debug|Win32
		{B2ADA949-6F8F-41CA-BE58-DC5EA88FC320}.Release|Any CPU.ActiveCfg = Release|Win32
		{B2ADA949-6F8F-41CA-BE58-DC5EA88FC320}.Release|Mixed Platforms.ActiveCfg = Release|Win32
		{B2ADA949-6F8F-41CA-BE58-DC5EA88FC320}.Release|Mixed Platforms.Build.0 = Release|Win32
		{B2ADA949-6F8F-41CA-BE58-DC5EA88FC320}.Release|Win32.ActiveCfg = Release|Win32
		{B2ADA949-6F8F-41CA-BE58-DC5EA88FC320}.Release|Win32.Build.0 = Release|Win32
		{56D71AF5-C8F0-4EA9-A98A-DA744611BFBD}.Debug|Any CPU.ActiveCfg = Debug|Win32
		{56D71AF5-C8F0-4EA9-A98A-DA744611BFBD}.Debug|Mixed Platforms.ActiveCfg = Debug|Win32
		{56D71AF5-C8F0-4EA9-A98A-DA744611BFBD}.Debug|Mixed Platforms.Build.0 = Debug|Win32
		{56D71AF5-C8F0-4EA9-A98A-DA744611BFBD}.Debug|Win32.ActiveCfg = Debug|Win32
		{56D71AF5-C8F0-4EA9-A98A-DA744611BFBD}.Debug|Win32.Build.0 = Debug|Win32
		{56D71AF5-C8F0-4EA9-A98A-DA744611BFBD}.Release|Any CPU.ActiveCfg = Release|Win32
		{56D71AF5-C8F0-4EA9-A98A-DA744611BFBD}.Release|Mixed Platforms.ActiveCfg = Release|Win32
		{56D71AF5-C8F0-4EA9-A98A-DA744611BFBD}.Release|Mixed Platforms.Build.0 = Release|Win32
		{56D71AF5-C8F0-4EA9-A98A-DA744611BFBD}.Release|Win32.ActiveCfg = Release|Win32
		{56D71AF5-C8F0-4EA9-A98A-DA744611BFBD}.Release|Win32.Build.0 = Release|Win32
		{604AC0FF-0C59-488F-B2A1-CA0ED6008341}.Debug|Any CPU.ActiveCfg = Debug|Win32
		{604AC0FF-0C59-488F-B2A1-CA0ED6008341}.Debug|Mixed Platforms.ActiveCfg = Debug|Win32
		{604AC0FF-0C59-488F-B2A1-CA0ED6008341}.Debug|Mixed Platforms.Build.0 = Debug|Win32
		{604AC0FF-0C59-488F-B2A1-CA0ED6008341}.Debug|Win32.ActiveCfg = Debug|Win32
		{604AC0FF-0C59-488F-B2A1-CA0ED6008341}.Debug|Win32.Build.0 = Debug|Win32
		{604AC0FF-0C59-488F-B2A1-CA0ED6008341}.Release|Any CPU.ActiveCfg = Release|Win32
		{604AC0FF-0C59-488F-B2A1-CA0ED6008341}.Release|Mixed Platforms.ActiveCfg = Release|Win32
		{604AC0FF-0C59-488F-B2A1-CA0ED6008341}.Release|Mixed Platforms.Build.0 = Release|Win32
		{604AC0FF-0C59-488F-B2A1-CA0ED6008341}.Release|Win32.ActiveCfg = Release|Win32
		{604AC0FF-0C59-488F-B2A1-CA0ED6008341}.Release|Win32.Build.0 = Release|Win32
		{2CA4B47B-DD9A-4639-AF6C-50E137C631D0}.Debug|Any CPU.ActiveCfg = Debug|Any CPU
		{2CA4B47B-DD9A-4639-AF6C-50E137C631D0}.Debug|Any CPU.Build.0 = Debug|Any CPU
		{2CA4B47B-DD9A-4639-AF6C-50E137C631D0}.Debug|Mixed Platforms.ActiveCfg = Debug|Any CPU
		{2CA4B47B-DD9A-4639-AF6C-50E137C631D0}.Debug|Mixed Platforms.Build.0 = Debug|Any CPU
		{2CA4B47B-DD9A-4639-AF6C-50E137C631D0}.Debug|Win32.ActiveCfg = Debug|Any CPU
		{2CA4B47B-DD9A-4639-AF6C-50E137C631D0}.Release|Any CPU.ActiveCfg = Release|Any CPU
		{2CA4B47B-DD9A-4639-AF6C-50E137C631D0}.Release|Any CPU.Build.0 = Release|Any CPU
		{2CA4B47B-DD9A-4639-AF6C-50E137C631D0}.Release|Mixed Platforms.ActiveCfg = Release|Any CPU
		{2CA4B47B-DD9A-4639-AF6C-50E137C631D0}.Release|Mixed Platforms.Build.0 = Release|Any CPU
		{2CA4B47B-DD9A-4639-AF6C-50E137C631D0}.Release|Win32.ActiveCfg = Release|Any CPU
		{DA870A67-F252-4E72-9A59-3C0F8DA7297E}.Debug|Any CPU.ActiveCfg = Debug|Win32
		{DA870A67-F252-4E72-9A59-3C0F8DA7297E}.Debug|Mixed Platforms.ActiveCfg = Debug|Win32
		{DA870A67-F252-4E72-9A59-3C0F8DA7297E}.Debug|Mixed Platforms.Build.0 = Debug|Win32
		{DA870A67-F252-4E72-9A59-3C0F8DA7297E}.Debug|Win32.ActiveCfg = Debug|Win32
		{DA870A67-F252-4E72-9A59-3C0F8DA7297E}.Debug|Win32.Build.0 = Debug|Win32
		{DA870A67-F252-4E72-9A59-3C0F8DA7297E}.Release|Any CPU.ActiveCfg = Release|Win32
		{DA870A67-F252-4E72-9A59-3C0F8DA7297E}.Release|Mixed Platforms.ActiveCfg = Release|Win32
		{DA870A67-F252-4E72-9A59-3C0F8DA7297E}.Release|Mixed Platforms.Build.0 = Release|Win32
		{DA870A67-F252-4E72-9A59-3C0F8DA7297E}.Release|Win32.ActiveCfg = Release|Win32
		{DA870A67-F252-4E72-9A59-3C0F8DA7297E}.Release|Win32.Build.0 = Release|Win32
	EndGlobalSection
	GlobalSection(SolutionProperties) = preSolution
		HideSolutionNode = FALSE
	EndGlobalSection
EndGlobal
